
Microsoft Visual Studio Solution File, Format Version 12.00
# Visual Studio Version 16
VisualStudioVersion = 16.0.30406.217
MinimumVisualStudioVersion = 10.0.40219.1
Project("{FAE04EC0-301F-11D3-BF4B-00C04F79EFBC}") = "Acoplado", "Acoplado\Acoplado.csproj", "{2890166A-A54C-467F-B746-365B62E73CF9}"
EndProject
Project("{FAE04EC0-301F-11D3-BF4B-00C04F79EFBC}") = "Desacoplado", "Desacoplado\Desacoplado.csproj", "{8DC55A58-1A90-4F9E-BD1B-77986773F887}"
EndProject
Global
	GlobalSection(SolutionConfigurationPlatforms) = preSolution
		Debug|Any CPU = Debug|Any CPU
		Release|Any CPU = Release|Any CPU
	EndGlobalSection
	GlobalSection(ProjectConfigurationPlatforms) = postSolution
		{2890166A-A54C-467F-B746-365B62E73CF9}.Debug|Any CPU.ActiveCfg = Debug|Any CPU
		{2890166A-A54C-467F-B746-365B62E73CF9}.Debug|Any CPU.Build.0 = Debug|Any CPU
		{2890166A-A54C-467F-B746-365B62E73CF9}.Release|Any CPU.ActiveCfg = Release|Any CPU
		{2890166A-A54C-467F-B746-365B62E73CF9}.Release|Any CPU.Build.0 = Release|Any CPU
		{8DC55A58-1A90-4F9E-BD1B-77986773F887}.Debug|Any CPU.ActiveCfg = Debug|Any CPU
		{8DC55A58-1A90-4F9E-BD1B-77986773F887}.Debug|Any CPU.Build.0 = Debug|Any CPU
		{8DC55A58-1A90-4F9E-BD1B-77986773F887}.Release|Any CPU.ActiveCfg = Release|Any CPU
		{8DC55A58-1A90-4F9E-BD1B-77986773F887}.Release|Any CPU.Build.0 = Release|Any CPU
	EndGlobalSection
	GlobalSection(SolutionProperties) = preSolution
		HideSolutionNode = FALSE
	EndGlobalSection
	GlobalSection(ExtensibilityGlobals) = postSolution
		SolutionGuid = {426D448A-9525-4A95-A2E2-472FABBEE7CD}
	EndGlobalSection
EndGlobal
